<Solution>
  <Folder Name="/Solution Items/">
    <File Path="compose.yaml" />
  </Folder>
  <Project Path="BookShare.Core/BookShare.Core.csproj" />
  <Project Path="BookShare.Domain/BookShare.Domain.csproj" />
  <Project Path="BookShare.Infrastructure.Postgres/BookShare.Infrastructure.Postgres.csproj" />
  <Project Path="BookShare.Infrastructure.Storage/BookShare.Infrastructure.Storage.csproj" />
</Solution>
